// !$*UTF8*$!
{
	archiveVersion = 1;
	classes = {
	};
	objectVersion = 50;
	objects = {

/* Begin PBXBuildFile section */
		ACB8C3DA261A67C9004AED6E /* HomeViewRow.swift in Sources */ = {isa = PBXBuildFile; fileRef = ACB8C3D9261A67C9004AED6E /* HomeViewRow.swift */; };
		ACEBB21F261A55B70085F3BF /* LearningApp.swift in Sources */ = {isa = PBXBuildFile; fileRef = ACEBB21E261A55B70085F3BF /* LearningApp.swift */; };
		ACEBB221261A55B70085F3BF /* HomeView.swift in Sources */ = {isa = PBXBuildFile; fileRef = ACEBB220261A55B70085F3BF /* HomeView.swift */; };
		ACEBB223261A55B80085F3BF /* Assets.xcassets in Resources */ = {isa = PBXBuildFile; fileRef = ACEBB222261A55B80085F3BF /* Assets.xcassets */; };
		ACEBB226261A55B80085F3BF /* Preview Assets.xcassets in Resources */ = {isa = PBXBuildFile; fileRef = ACEBB225261A55B80085F3BF /* Preview Assets.xcassets */; };
		ACEBB236261A567A0085F3BF /* ContentModel.swift in Sources */ = {isa = PBXBuildFile; fileRef = ACEBB235261A567A0085F3BF /* ContentModel.swift */; };
		ACEBB23A261A58D80085F3BF /* data.json in Resources */ = {isa = PBXBuildFile; fileRef = ACEBB238261A58D80085F3BF /* data.json */; };
		ACEBB23B261A58D80085F3BF /* style.html in Resources */ = {isa = PBXBuildFile; fileRef = ACEBB239261A58D80085F3BF /* style.html */; };
		ACEBB241261A5C800085F3BF /* Content.swift in Sources */ = {isa = PBXBuildFile; fileRef = ACEBB240261A5C800085F3BF /* Content.swift */; };
		ACEBB244261A5CA00085F3BF /* Lesson.swift in Sources */ = {isa = PBXBuildFile; fileRef = ACEBB243261A5CA00085F3BF /* Lesson.swift */; };
		ACEBB247261A5CB60085F3BF /* Test.swift in Sources */ = {isa = PBXBuildFile; fileRef = ACEBB246261A5CB60085F3BF /* Test.swift */; };
		ACEBB24A261A5CCF0085F3BF /* Question.swift in Sources */ = {isa = PBXBuildFile; fileRef = ACEBB249261A5CCF0085F3BF /* Question.swift */; };
		ACEBB24D261A5CED0085F3BF /* Module.swift in Sources */ = {isa = PBXBuildFile; fileRef = ACEBB24C261A5CED0085F3BF /* Module.swift */; };
/* End PBXBuildFile section */

/* Begin PBXFileReference section */
		ACB8C3D9261A67C9004AED6E /* HomeViewRow.swift */ = {isa = PBXFileReference; lastKnownFileType = sourcecode.swift; path = HomeViewRow.swift; sourceTree = "<group>"; };
		ACEBB21B261A55B70085F3BF /* LearningApp.app */ = {isa = PBXFileReference; explicitFileType = wrapper.application; includeInIndex = 0; path = LearningApp.app; sourceTree = BUILT_PRODUCTS_DIR; };
		ACEBB21E261A55B70085F3BF /* LearningApp.swift */ = {isa = PBXFileReference; lastKnownFileType = sourcecode.swift; path = LearningApp.swift; sourceTree = "<group>"; };
		ACEBB220261A55B70085F3BF /* HomeView.swift */ = {isa = PBXFileReference; lastKnownFileType = sourcecode.swift; path = HomeView.swift; sourceTree = "<group>"; };
		ACEBB222261A55B80085F3BF /* Assets.xcassets */ = {isa = PBXFileReference; lastKnownFileType = folder.assetcatalog; path = Assets.xcassets; sourceTree = "<group>"; };
		ACEBB225261A55B80085F3BF /* Preview Assets.xcassets */ = {isa = PBXFileReference; lastKnownFileType = folder.assetcatalog; path = "Preview Assets.xcassets"; sourceTree = "<group>"; };
		ACEBB227261A55B80085F3BF /* Info.plist */ = {isa = PBXFileReference; lastKnownFileType = text.plist.xml; path = Info.plist; sourceTree = "<group>"; };
		ACEBB235261A567A0085F3BF /* ContentModel.swift */ = {isa = PBXFileReference; lastKnownFileType = sourcecode.swift; path = ContentModel.swift; sourceTree = "<group>"; };
		ACEBB238261A58D80085F3BF /* data.json */ = {isa = PBXFileReference; fileEncoding = 4; lastKnownFileType = text.json; path = data.json; sourceTree = "<group>"; };
		ACEBB239261A58D80085F3BF /* style.html */ = {isa = PBXFileReference; fileEncoding = 4; lastKnownFileType = text.html; path = style.html; sourceTree = "<group>"; };
		ACEBB240261A5C800085F3BF /* Content.swift */ = {isa = PBXFileReference; lastKnownFileType = sourcecode.swift; path = Content.swift; sourceTree = "<group>"; };
		ACEBB243261A5CA00085F3BF /* Lesson.swift */ = {isa = PBXFileReference; lastKnownFileType = sourcecode.swift; path = Lesson.swift; sourceTree = "<group>"; };
		ACEBB246261A5CB60085F3BF /* Test.swift */ = {isa = PBXFileReference; lastKnownFileType = sourcecode.swift; path = Test.swift; sourceTree = "<group>"; };
		ACEBB249261A5CCF0085F3BF /* Question.swift */ = {isa = PBXFileReference; lastKnownFileType = sourcecode.swift; path = Question.swift; sourceTree = "<group>"; };
		ACEBB24C261A5CED0085F3BF /* Module.swift */ = {isa = PBXFileReference; lastKnownFileType = sourcecode.swift; path = Module.swift; sourceTree = "<group>"; };
/* End PBXFileReference section */

/* Begin PBXFrameworksBuildPhase section */
		ACEBB218261A55B70085F3BF /* Frameworks */ = {
			isa = PBXFrameworksBuildPhase;
			buildActionMask = 2147483647;
			files = (
			);
			runOnlyForDeploymentPostprocessing = 0;
		};
/* End PBXFrameworksBuildPhase section */

/* Begin PBXGroup section */
		ACEBB212261A55B70085F3BF = {
			isa = PBXGroup;
			children = (
				ACEBB21D261A55B70085F3BF /* LearningApp */,
				ACEBB21C261A55B70085F3BF /* Products */,
			);
			sourceTree = "<group>";
		};
		ACEBB21C261A55B70085F3BF /* Products */ = {
			isa = PBXGroup;
			children = (
				ACEBB21B261A55B70085F3BF /* LearningApp.app */,
			);
			name = Products;
			sourceTree = "<group>";
		};
		ACEBB21D261A55B70085F3BF /* LearningApp */ = {
			isa = PBXGroup;
			children = (
				ACEBB21E261A55B70085F3BF /* LearningApp.swift */,
				ACEBB230261A56060085F3BF /* Views */,
				ACEBB231261A560F0085F3BF /* ViewModels */,
				ACEBB232261A56150085F3BF /* Models */,
				ACEBB233261A56210085F3BF /* Resources */,
				ACEBB234261A562D0085F3BF /* Helpers */,
				ACEBB222261A55B80085F3BF /* Assets.xcassets */,
				ACEBB227261A55B80085F3BF /* Info.plist */,
				ACEBB224261A55B80085F3BF /* Preview Content */,
			);
			path = LearningApp;
			sourceTree = "<group>";
		};
		ACEBB224261A55B80085F3BF /* Preview Content */ = {
			isa = PBXGroup;
			children = (
				ACEBB225261A55B80085F3BF /* Preview Assets.xcassets */,
			);
			path = "Preview Content";
			sourceTree = "<group>";
		};
		ACEBB230261A56060085F3BF /* Views */ = {
			isa = PBXGroup;
			children = (
				ACEBB220261A55B70085F3BF /* HomeView.swift */,
				ACB8C3D9261A67C9004AED6E /* HomeViewRow.swift */,
			);
			path = Views;
			sourceTree = "<group>";
		};
		ACEBB231261A560F0085F3BF /* ViewModels */ = {
			isa = PBXGroup;
			children = (
				ACEBB235261A567A0085F3BF /* ContentModel.swift */,
			);
			path = ViewModels;
			sourceTree = "<group>";
		};
		ACEBB232261A56150085F3BF /* Models */ = {
			isa = PBXGroup;
			children = (
				ACEBB240261A5C800085F3BF /* Content.swift */,
				ACEBB243261A5CA00085F3BF /* Lesson.swift */,
				ACEBB246261A5CB60085F3BF /* Test.swift */,
				ACEBB249261A5CCF0085F3BF /* Question.swift */,
				ACEBB24C261A5CED0085F3BF /* Module.swift */,
			);
			path = Models;
			sourceTree = "<group>";
		};
		ACEBB233261A56210085F3BF /* Resources */ = {
			isa = PBXGroup;
			children = (
				ACEBB238261A58D80085F3BF /* data.json */,
				ACEBB239261A58D80085F3BF /* style.html */,
			);
			path = Resources;
			sourceTree = "<group>";
		};
		ACEBB234261A562D0085F3BF /* Helpers */ = {
			isa = PBXGroup;
			children = (
			);
			path = Helpers;
			sourceTree = "<group>";
		};
/* End PBXGroup section */

/* Begin PBXNativeTarget section */
		ACEBB21A261A55B70085F3BF /* LearningApp */ = {
			isa = PBXNativeTarget;
			buildConfigurationList = ACEBB22A261A55B80085F3BF /* Build configuration list for PBXNativeTarget "LearningApp" */;
			buildPhases = (
				ACEBB217261A55B70085F3BF /* Sources */,
				ACEBB218261A55B70085F3BF /* Frameworks */,
				ACEBB219261A55B70085F3BF /* Resources */,
			);
			buildRules = (
			);
			dependencies = (
			);
			name = LearningApp;
			productName = LearningApp;
			productReference = ACEBB21B261A55B70085F3BF /* LearningApp.app */;
			productType = "com.apple.product-type.application";
		};
/* End PBXNativeTarget section */

/* Begin PBXProject section */
		ACEBB213261A55B70085F3BF /* Project object */ = {
			isa = PBXProject;
			attributes = {
				LastSwiftUpdateCheck = 1240;
				LastUpgradeCheck = 1240;
				TargetAttributes = {
					ACEBB21A261A55B70085F3BF = {
						CreatedOnToolsVersion = 12.4;
					};
				};
			};
			buildConfigurationList = ACEBB216261A55B70085F3BF /* Build configuration list for PBXProject "LearningApp" */;
			compatibilityVersion = "Xcode 9.3";
			developmentRegion = en;
			hasScannedForEncodings = 0;
			knownRegions = (
				en,
				Base,
			);
			mainGroup = ACEBB212261A55B70085F3BF;
			productRefGroup = ACEBB21C261A55B70085F3BF /* Products */;
			projectDirPath = "";
			projectRoot = "";
			targets = (
				ACEBB21A261A55B70085F3BF /* LearningApp */,
			);
		};
/* End PBXProject section */

/* Begin PBXResourcesBuildPhase section */
		ACEBB219261A55B70085F3BF /* Resources */ = {
			isa = PBXResourcesBuildPhase;
			buildActionMask = 2147483647;
			files = (
				ACEBB226261A55B80085F3BF /* Preview Assets.xcassets in Resources */,
				ACEBB23A261A58D80085F3BF /* data.json in Resources */,
				ACEBB23B261A58D80085F3BF /* style.html in Resources */,
				ACEBB223261A55B80085F3BF /* Assets.xcassets in Resources */,
			);
			runOnlyForDeploymentPostprocessing = 0;
		};
/* End PBXResourcesBuildPhase section */

/* Begin PBXSourcesBuildPhase section */
		ACEBB217261A55B70085F3BF /* Sources */ = {
			isa = PBXSourcesBuildPhase;
			buildActionMask = 2147483647;
			files = (
				ACEBB221261A55B70085F3BF /* HomeView.swift in Sources */,
				ACB8C3DA261A67C9004AED6E /* HomeViewRow.swift in Sources */,
				ACEBB24A261A5CCF0085F3BF /* Question.swift in Sources */,
				ACEBB24D261A5CED0085F3BF /* Module.swift in Sources */,
				ACEBB21F261A55B70085F3BF /* LearningApp.swift in Sources */,
				ACEBB236261A567A0085F3BF /* ContentModel.swift in Sources */,
				ACEBB247261A5CB60085F3BF /* Test.swift in Sources */,
				ACEBB244261A5CA00085F3BF /* Lesson.swift in Sources */,
				ACEBB241261A5C800085F3BF /* Content.swift in Sources */,
			);
			runOnlyForDeploymentPostprocessing = 0;
		};
/* End PBXSourcesBuildPhase section */

/* Begin XCBuildConfiguration section */
		ACEBB228261A55B80085F3BF /* Debug */ = {
			isa = XCBuildConfiguration;
			buildSettings = {
				ALWAYS_SEARCH_USER_PATHS = NO;
				CLANG_ANALYZER_NONNULL = YES;
				CLANG_ANALYZER_NUMBER_OBJECT_CONVERSION = YES_AGGRESSIVE;
				CLANG_CXX_LANGUAGE_STANDARD = "gnu++14";
				CLANG_CXX_LIBRARY = "libc++";
				CLANG_ENABLE_MODULES = YES;
				CLANG_ENABLE_OBJC_ARC = YES;
				CLANG_ENABLE_OBJC_WEAK = YES;
				CLANG_WARN_BLOCK_CAPTURE_AUTORELEASING = YES;
				CLANG_WARN_BOOL_CONVERSION = YES;
				CLANG_WARN_COMMA = YES;
				CLANG_WARN_CONSTANT_CONVERSION = YES;
				CLANG_WARN_DEPRECATED_OBJC_IMPLEMENTATIONS = YES;
				CLANG_WARN_DIRECT_OBJC_ISA_USAGE = YES_ERROR;
				CLANG_WARN_DOCUMENTATION_COMMENTS = YES;
				CLANG_WARN_EMPTY_BODY = YES;
				CLANG_WARN_ENUM_CONVERSION = YES;
				CLANG_WARN_INFINITE_RECURSION = YES;
				CLANG_WARN_INT_CONVERSION = YES;
				CLANG_WARN_NON_LITERAL_NULL_CONVERSION = YES;
				CLANG_WARN_OBJC_IMPLICIT_RETAIN_SELF = YES;
				CLANG_WARN_OBJC_LITERAL_CONVERSION = YES;
				CLANG_WARN_OBJC_ROOT_CLASS = YES_ERROR;
				CLANG_WARN_QUOTED_INCLUDE_IN_FRAMEWORK_HEADER = YES;
				CLANG_WARN_RANGE_LOOP_ANALYSIS = YES;
				CLANG_WARN_STRICT_PROTOTYPES = YES;
				CLANG_WARN_SUSPICIOUS_MOVE = YES;
				CLANG_WARN_UNGUARDED_AVAILABILITY = YES_AGGRESSIVE;
				CLANG_WARN_UNREACHABLE_CODE = YES;
				CLANG_WARN__DUPLICATE_METHOD_MATCH = YES;
				COPY_PHASE_STRIP = NO;
				DEBUG_INFORMATION_FORMAT = dwarf;
				ENABLE_STRICT_OBJC_MSGSEND = YES;
				ENABLE_TESTABILITY = YES;
				GCC_C_LANGUAGE_STANDARD = gnu11;
				GCC_DYNAMIC_NO_PIC = NO;
				GCC_NO_COMMON_BLOCKS = YES;
				GCC_OPTIMIZATION_LEVEL = 0;
				GCC_PREPROCESSOR_DEFINITIONS = (
					"DEBUG=1",
					"$(inherited)",
				);
				GCC_WARN_64_TO_32_BIT_CONVERSION = YES;
				GCC_WARN_ABOUT_RETURN_TYPE = YES_ERROR;
				GCC_WARN_UNDECLARED_SELECTOR = YES;
				GCC_WARN_UNINITIALIZED_AUTOS = YES_AGGRESSIVE;
				GCC_WARN_UNUSED_FUNCTION = YES;
				GCC_WARN_UNUSED_VARIABLE = YES;
				IPHONEOS_DEPLOYMENT_TARGET = 14.4;
				MTL_ENABLE_DEBUG_INFO = INCLUDE_SOURCE;
				MTL_FAST_MATH = YES;
				ONLY_ACTIVE_ARCH = YES;
				SDKROOT = iphoneos;
				SWIFT_ACTIVE_COMPILATION_CONDITIONS = DEBUG;
				SWIFT_OPTIMIZATION_LEVEL = "-Onone";
			};
			name = Debug;
		};
		ACEBB229261A55B80085F3BF /* Release */ = {
			isa = XCBuildConfiguration;
			buildSettings = {
				ALWAYS_SEARCH_USER_PATHS = NO;
				CLANG_ANALYZER_NONNULL = YES;
				CLANG_ANALYZER_NUMBER_OBJECT_CONVERSION = YES_AGGRESSIVE;
				CLANG_CXX_LANGUAGE_STANDARD = "gnu++14";
				CLANG_CXX_LIBRARY = "libc++";
				CLANG_ENABLE_MODULES = YES;
				CLANG_ENABLE_OBJC_ARC = YES;
				CLANG_ENABLE_OBJC_WEAK = YES;
				CLANG_WARN_BLOCK_CAPTURE_AUTORELEASING = YES;
				CLANG_WARN_BOOL_CONVERSION = YES;
				CLANG_WARN_COMMA = YES;
				CLANG_WARN_CONSTANT_CONVERSION = YES;
				CLANG_WARN_DEPRECATED_OBJC_IMPLEMENTATIONS = YES;
				CLANG_WARN_DIRECT_OBJC_ISA_USAGE = YES_ERROR;
				CLANG_WARN_DOCUMENTATION_COMMENTS = YES;
				CLANG_WARN_EMPTY_BODY = YES;
				CLANG_WARN_ENUM_CONVERSION = YES;
				CLANG_WARN_INFINITE_RECURSION = YES;
				CLANG_WARN_INT_CONVERSION = YES;
				CLANG_WARN_NON_LITERAL_NULL_CONVERSION = YES;
				CLANG_WARN_OBJC_IMPLICIT_RETAIN_SELF = YES;
				CLANG_WARN_OBJC_LITERAL_CONVERSION = YES;
				CLANG_WARN_OBJC_ROOT_CLASS = YES_ERROR;
				CLANG_WARN_QUOTED_INCLUDE_IN_FRAMEWORK_HEADER = YES;
				CLANG_WARN_RANGE_LOOP_ANALYSIS = YES;
				CLANG_WARN_STRICT_PROTOTYPES = YES;
				CLANG_WARN_SUSPICIOUS_MOVE = YES;
				CLANG_WARN_UNGUARDED_AVAILABILITY = YES_AGGRESSIVE;
				CLANG_WARN_UNREACHABLE_CODE = YES;
				CLANG_WARN__DUPLICATE_METHOD_MATCH = YES;
				COPY_PHASE_STRIP = NO;
				DEBUG_INFORMATION_FORMAT = "dwarf-with-dsym";
				ENABLE_NS_ASSERTIONS = NO;
				ENABLE_STRICT_OBJC_MSGSEND = YES;
				GCC_C_LANGUAGE_STANDARD = gnu11;
				GCC_NO_COMMON_BLOCKS = YES;
				GCC_WARN_64_TO_32_BIT_CONVERSION = YES;
				GCC_WARN_ABOUT_RETURN_TYPE = YES_ERROR;
				GCC_WARN_UNDECLARED_SELECTOR = YES;
				GCC_WARN_UNINITIALIZED_AUTOS = YES_AGGRESSIVE;
				GCC_WARN_UNUSED_FUNCTION = YES;
				GCC_WARN_UNUSED_VARIABLE = YES;
				IPHONEOS_DEPLOYMENT_TARGET = 14.4;
				MTL_ENABLE_DEBUG_INFO = NO;
				MTL_FAST_MATH = YES;
				SDKROOT = iphoneos;
				SWIFT_COMPILATION_MODE = wholemodule;
				SWIFT_OPTIMIZATION_LEVEL = "-O";
				VALIDATE_PRODUCT = YES;
			};
			name = Release;
		};
		ACEBB22B261A55B80085F3BF /* Debug */ = {
			isa = XCBuildConfiguration;
			buildSettings = {
				ASSETCATALOG_COMPILER_APPICON_NAME = AppIcon;
				ASSETCATALOG_COMPILER_GLOBAL_ACCENT_COLOR_NAME = AccentColor;
				CODE_SIGN_STYLE = Automatic;
				DEVELOPMENT_ASSET_PATHS = "\"LearningApp/Preview Content\"";
				DEVELOPMENT_TEAM = G6J4RFMLHY;
				ENABLE_PREVIEWS = YES;
				INFOPLIST_FILE = LearningApp/Info.plist;
				IPHONEOS_DEPLOYMENT_TARGET = 14.0;
				LD_RUNPATH_SEARCH_PATHS = (
					"$(inherited)",
					"@executable_path/Frameworks",
				);
				PRODUCT_BUNDLE_IDENTIFIER = com.frederickjavalera.LearningApp;
				PRODUCT_NAME = "$(TARGET_NAME)";
				SWIFT_VERSION = 5.0;
				TARGETED_DEVICE_FAMILY = "1,2";
			};
			name = Debug;
		};
		ACEBB22C261A55B80085F3BF /* Release */ = {
			isa = XCBuildConfiguration;
			buildSettings = {
				ASSETCATALOG_COMPILER_APPICON_NAME = AppIcon;
				ASSETCATALOG_COMPILER_GLOBAL_ACCENT_COLOR_NAME = AccentColor;
				CODE_SIGN_STYLE = Automatic;
				DEVELOPMENT_ASSET_PATHS = "\"LearningApp/Preview Content\"";
				DEVELOPMENT_TEAM = G6J4RFMLHY;
				ENABLE_PREVIEWS = YES;
				INFOPLIST_FILE = LearningApp/Info.plist;
				IPHONEOS_DEPLOYMENT_TARGET = 14.0;
				LD_RUNPATH_SEARCH_PATHS = (
					"$(inherited)",
					"@executable_path/Frameworks",
				);
				PRODUCT_BUNDLE_IDENTIFIER = com.frederickjavalera.LearningApp;
				PRODUCT_NAME = "$(TARGET_NAME)";
				SWIFT_VERSION = 5.0;
				TARGETED_DEVICE_FAMILY = "1,2";
			};
			name = Release;
		};
/* End XCBuildConfiguration section */

/* Begin XCConfigurationList section */
		ACEBB216261A55B70085F3BF /* Build configuration list for PBXProject "LearningApp" */ = {
			isa = XCConfigurationList;
			buildConfigurations = (
				ACEBB228261A55B80085F3BF /* Debug */,
				ACEBB229261A55B80085F3BF /* Release */,
			);
			defaultConfigurationIsVisible = 0;
			defaultConfigurationName = Release;
		};
		ACEBB22A261A55B80085F3BF /* Build configuration list for PBXNativeTarget "LearningApp" */ = {
			isa = XCConfigurationList;
			buildConfigurations = (
				ACEBB22B261A55B80085F3BF /* Debug */,
				ACEBB22C261A55B80085F3BF /* Release */,
			);
			defaultConfigurationIsVisible = 0;
			defaultConfigurationName = Release;
		};
/* End XCConfigurationList section */
	};
	rootObject = ACEBB213261A55B70085F3BF /* Project object */;
}
